{
	"name": "larkspur-harness",
	"lockfileVersion": 3,
	"requires": true,
	"packages": {
		"": {
			"name": "larkspur-harness",
			"dependencies": {
				"@orkestrel/abort": "0.0.13",
				"@orkestrel/agent": "0.0.29",
				"@orkestrel/budget": "0.0.13",
				"@orkestrel/contract": "0.0.19",
				"@orkestrel/database": "0.0.18",
				"@orkestrel/emitter": "0.0.12",
				"@orkestrel/ndjson": "0.0.12",
				"@orkestrel/queue": "0.0.17",
				"@orkestrel/timeout": "0.0.13",
				"@orkestrel/tool": "0.0.19",
				"@orkestrel/workflow": "0.0.22",
				"@orkestrel/workspace": "0.0.12"
			}
		},
		"node_modules/@orkestrel/abort": {
			"version": "0.0.13",
			"resolved": "https://registry.npmjs.org/@orkestrel/abort/-/abort-0.0.13.tgz",
			"integrity": "sha512-wxiO7EuuyRoXNVI/NE8Xm1lmcpCH2siZFFNTqAdVlHLWNs4/dRpaEFwlDWTrp4FGMSpyKDcY4UW/PI/+aYOh2Q==",
			"license": "MIT",
			"dependencies": {
				"@orkestrel/contract": "^0.0.19"
			},
			"engines": {
				"node": ">=22.12.0"
			}
		},
		"node_modules/@orkestrel/agent": {
			"version": "0.0.29",
			"resolved": "https://registry.npmjs.org/@orkestrel/agent/-/agent-0.0.29.tgz",
			"integrity": "sha512-7SVrSo8bttBn2snQQyEK4pG0PzhFBVapq9HxPjc+13ralyxrg7WJHTd4Pk2S+dg8tb2G7Ohnov7qrrvl3lhkWw==",
			"license": "MIT",
			"dependencies": {
				"@orkestrel/abort": "^0.0.13",
				"@orkestrel/budget": "^0.0.13",
				"@orkestrel/contract": "^0.0.19",
				"@orkestrel/database": "^0.0.18",
				"@orkestrel/emitter": "^0.0.12",
				"@orkestrel/queue": "^0.0.17",
				"@orkestrel/timeout": "^0.0.13",
				"@orkestrel/tool": "^0.0.19",
				"@orkestrel/workflow": "^0.0.22",
				"@orkestrel/workspace": "^0.0.12"
			},
			"engines": {
				"node": ">=22.12.0"
			}
		},
		"node_modules/@orkestrel/budget": {
			"version": "0.0.13",
			"resolved": "https://registry.npmjs.org/@orkestrel/budget/-/budget-0.0.13.tgz",
			"integrity": "sha512-nuOui/sYva5p2uhDtggjdzqcDgkO0gQCn3ZWJbp0kbak1DhkeWozpWYFfyw/rAiFbqu6wFD4DSGh4izGgoyv+A==",
			"license": "MIT",
			"dependencies": {
				"@orkestrel/contract": "^0.0.19"
			},
			"engines": {
				"node": ">=22.12.0"
			}
		},
		"node_modules/@orkestrel/contract": {
			"version": "0.0.19",
			"resolved": "https://registry.npmjs.org/@orkestrel/contract/-/contract-0.0.19.tgz",
			"integrity": "sha512-1IBgYhFKQIIYZUsD6fZ8pQg34Gbo6LmX59naRHhV1ZP+2vcwnalHwBgbjkGquK4UD45H0lFv0bMzW2+vf0VRMQ==",
			"license": "MIT",
			"engines": {
				"node": ">=22.12.0"
			}
		},
		"node_modules/@orkestrel/database": {
			"version": "0.0.18",
			"resolved": "https://registry.npmjs.org/@orkestrel/database/-/database-0.0.18.tgz",
			"integrity": "sha512-48y3pK0/IJlkIhzg8q51wYtQFuEl2AUYxAWevnBoYg3zakbesuOAg4lEAH330Oyll1ZjEpKnasG5/lPGMkFlIg==",
			"license": "MIT",
			"dependencies": {
				"@orkestrel/contract": "^0.0.19",
				"@orkestrel/emitter": "^0.0.12",
				"@orkestrel/indexeddb": "^0.0.14",
				"@orkestrel/sqlite": "^0.0.14"
			},
			"engines": {
				"node": ">=22.12.0"
			}
		},
		"node_modules/@orkestrel/emitter": {
			"version": "0.0.12",
			"resolved": "https://registry.npmjs.org/@orkestrel/emitter/-/emitter-0.0.12.tgz",
			"integrity": "sha512-OtXWqQZpCtbLFo1JOfJEd1R+5hRuBI3mwBsqv9ZDcPRjt2SvEtz79cL44+XKK5YX7G1LKm1C87T1uHvlZSCarQ==",
			"license": "MIT",
			"dependencies": {
				"@orkestrel/contract": "^0.0.19"
			},
			"engines": {
				"node": ">=22.12.0"
			}
		},
		"node_modules/@orkestrel/indexeddb": {
			"version": "0.0.14",
			"resolved": "https://registry.npmjs.org/@orkestrel/indexeddb/-/indexeddb-0.0.14.tgz",
			"integrity": "sha512-unZMbzv8dowV1c+8Li8qg6FU1fgcYAwFgFK8DQik+qdTXi7kMcA0m5IGXwaV6+JWx/9zhg8S7XUAu1cYz8fnfg==",
			"license": "MIT",
			"dependencies": {
				"@orkestrel/contract": "^0.0.19"
			},
			"engines": {
				"node": ">=22.12.0"
			}
		},
		"node_modules/@orkestrel/ndjson": {
			"version": "0.0.12",
			"resolved": "https://registry.npmjs.org/@orkestrel/ndjson/-/ndjson-0.0.12.tgz",
			"integrity": "sha512-HlUmMpHKZngFkoyAgW8MAIgH64n74pEkfm9lZUFHzcDzGeeBRoyI9hedD0+rGnRTYIOqtmwSHpfwprj7YrVjpg==",
			"license": "MIT",
			"dependencies": {
				"@orkestrel/contract": "^0.0.19"
			},
			"engines": {
				"node": ">=22.12.0"
			}
		},
		"node_modules/@orkestrel/queue": {
			"version": "0.0.17",
			"resolved": "https://registry.npmjs.org/@orkestrel/queue/-/queue-0.0.17.tgz",
			"integrity": "sha512-TCODFZk4uOE9mim8OPBmPSI4oxkrBKZaZkzmcR81UxMZwExbaOCCeouURWioSioPh3TCSvIskkp0yD/gKNlkmQ==",
			"license": "MIT",
			"dependencies": {
				"@orkestrel/abort": "^0.0.13",
				"@orkestrel/contract": "^0.0.19",
				"@orkestrel/database": "^0.0.18",
				"@orkestrel/emitter": "^0.0.12",
				"@orkestrel/timeout": "^0.0.13"
			},
			"engines": {
				"node": ">=22.12.0"
			}
		},
		"node_modules/@orkestrel/sqlite": {
			"version": "0.0.14",
			"resolved": "https://registry.npmjs.org/@orkestrel/sqlite/-/sqlite-0.0.14.tgz",
			"integrity": "sha512-ufCU5EEk6Bmk5lXSXccnLHadvGcZRRbecnrmN2+3X1apzd5vRcPDAGWggKsC60LU6aoLdIz27HQN+NmyYiZlXQ==",
			"license": "MIT",
			"dependencies": {
				"@orkestrel/contract": "^0.0.19"
			},
			"engines": {
				"node": "^22.18.0 || >=24.4.0"
			}
		},
		"node_modules/@orkestrel/timeout": {
			"version": "0.0.13",
			"resolved": "https://registry.npmjs.org/@orkestrel/timeout/-/timeout-0.0.13.tgz",
			"integrity": "sha512-zqM3T33oEBmQR4Jvn9ziD/V+AD2ZwMNdzBPjMkJpZd6jPU3v4FQ5VsY10mfI8GlWXfGmRwF2Xej51XXsPS0aew==",
			"license": "MIT",
			"dependencies": {
				"@orkestrel/contract": "^0.0.19"
			},
			"engines": {
				"node": ">=22.12.0"
			}
		},
		"node_modules/@orkestrel/tool": {
			"version": "0.0.19",
			"resolved": "https://registry.npmjs.org/@orkestrel/tool/-/tool-0.0.19.tgz",
			"integrity": "sha512-aM0vOnbC/DnMjvdUxuL7XopRxwdtRzMgbRnuccM7Ed/0s6FOJPx1/EvKthBDRKYv03h/IeAq+5pWxY+tBhuEkg==",
			"license": "MIT",
			"dependencies": {
				"@orkestrel/contract": "^0.0.19",
				"@orkestrel/emitter": "^0.0.12"
			},
			"engines": {
				"node": ">=22.12.0"
			}
		},
		"node_modules/@orkestrel/workflow": {
			"version": "0.0.22",
			"resolved": "https://registry.npmjs.org/@orkestrel/workflow/-/workflow-0.0.22.tgz",
			"integrity": "sha512-Nmq5ecYgQLNdQfIBShE5vz3bgjQgMTepkSLWgoEuqv5zYXEa/D9c/ocgjUY+2wZE4JhqrRnhYb6dvZrae4yCiA==",
			"license": "MIT",
			"dependencies": {
				"@orkestrel/abort": "^0.0.13",
				"@orkestrel/budget": "^0.0.13",
				"@orkestrel/contract": "^0.0.19",
				"@orkestrel/database": "^0.0.18",
				"@orkestrel/emitter": "^0.0.12",
				"@orkestrel/queue": "^0.0.17",
				"@orkestrel/timeout": "^0.0.13"
			},
			"engines": {
				"node": ">=22.12.0"
			}
		},
		"node_modules/@orkestrel/workspace": {
			"version": "0.0.12",
			"resolved": "https://registry.npmjs.org/@orkestrel/workspace/-/workspace-0.0.12.tgz",
			"integrity": "sha512-FF0vLjllUR/wcSDbV3ZxOd8eMIczjrepViqvsh4x7PejTpiAa/KeBsCvyvt6ABHBCXNu+8gn1kqziuMtHdQo4w==",
			"license": "MIT",
			"dependencies": {
				"@orkestrel/contract": "^0.0.19",
				"@orkestrel/database": "^0.0.18",
				"@orkestrel/emitter": "^0.0.12"
			},
			"engines": {
				"node": ">=22.12.0"
			}
		}
	}
}
